
Microsoft Visual Studio Solution File, Format Version 12.00
# Visual Studio Version 17
VisualStudioVersion = 17.7.34031.279
MinimumVisualStudioVersion = 10.0.40219.1
Project("{FAE04EC0-301F-11D3-BF4B-00C04F79EFBC}") = "FolderCopy", "FolderCopy\FolderCopy.csproj", "{EF731421-4D71-44FD-8067-4140A1E6EABB}"
EndProject
Global
	GlobalSection(SolutionConfigurationPlatforms) = preSolution
		Debug|Any CPU = Debug|Any CPU
		Release|Any CPU = Release|Any CPU
	EndGlobalSection
	GlobalSection(ProjectConfigurationPlatforms) = postSolution
		{EF731421-4D71-44FD-8067-4140A1E6EABB}.Debug|Any CPU.ActiveCfg = Debug|Any CPU
		{EF731421-4D71-44FD-8067-4140A1E6EABB}.Debug|Any CPU.Build.0 = Debug|Any CPU
		{EF731421-4D71-44FD-8067-4140A1E6EABB}.Release|Any CPU.ActiveCfg = Release|Any CPU
		{EF731421-4D71-44FD-8067-4140A1E6EABB}.Release|Any CPU.Build.0 = Release|Any CPU
	EndGlobalSection
	GlobalSection(SolutionProperties) = preSolution
		HideSolutionNode = FALSE
	EndGlobalSection
	GlobalSection(ExtensibilityGlobals) = postSolution
		SolutionGuid = {7CEBCABB-2F05-488F-9988-221261AFD64B}
	EndGlobalSection
EndGlobal
